
Microsoft Visual Studio Solution File, Format Version 12.00
# Visual Studio 14
VisualStudioVersion = 14.0.25123.0
MinimumVisualStudioVersion = 10.0.40219.1
Project("{8BC9CEB8-8B4A-11D0-8D11-00A0C91BC942}") = "X-TestSpace", "X-TestSpace\X-TestSpace.vcxproj", "{F6145A2F-49C0-4056-AD5E-5F76DE20A6CA}"
	ProjectSection(ProjectDependencies) = postProject
		{5BE48C3C-5ACA-4C52-B9B4-02FFBA8C6046} = {5BE48C3C-5ACA-4C52-B9B4-02FFBA8C6046}
	EndProjectSection
EndProject
Project("{8BC9CEB8-8B4A-11D0-8D11-00A0C91BC942}") = "MathLibrary", "MathLibrary\MathLibrary.vcxproj", "{5BE48C3C-5ACA-4C52-B9B4-02FFBA8C6046}"
EndProject
Project("{8BC9CEB8-8B4A-11D0-8D11-00A0C91BC942}") = "SFW test", "SFW test\SFW test.vcxproj", "{304AA08C-3ADB-4025-BC86-914DC9C592DF}"
EndProject
Global
	GlobalSection(SolutionConfigurationPlatforms) = preSolution
		Debug|x64 = Debug|x64
		Debug|x86 = Debug|x86
		Release|x64 = Release|x64
		Release|x86 = Release|x86
	EndGlobalSection
	GlobalSection(ProjectConfigurationPlatforms) = postSolution
		{F6145A2F-49C0-4056-AD5E-5F76DE20A6CA}.Debug|x64.ActiveCfg = Debug|x64
		{F6145A2F-49C0-4056-AD5E-5F76DE20A6CA}.Debug|x64.Build.0 = Debug|x64
		{F6145A2F-49C0-4056-AD5E-5F76DE20A6CA}.Debug|x86.ActiveCfg = Debug|Win32
		{F6145A2F-49C0-4056-AD5E-5F76DE20A6CA}.Debug|x86.Build.0 = Debug|Win32
		{F6145A2F-49C0-4056-AD5E-5F76DE20A6CA}.Release|x64.ActiveCfg = Release|x64
		{F6145A2F-49C0-4056-AD5E-5F76DE20A6CA}.Release|x64.Build.0 = Release|x64
		{F6145A2F-49C0-4056-AD5E-5F76DE20A6CA}.Release|x86.ActiveCfg = Release|Win32
		{F6145A2F-49C0-4056-AD5E-5F76DE20A6CA}.Release|x86.Build.0 = Release|Win32
		{5BE48C3C-5ACA-4C52-B9B4-02FFBA8C6046}.Debug|x64.ActiveCfg = Debug|x64
		{5BE48C3C-5ACA-4C52-B9B4-02FFBA8C6046}.Debug|x64.Build.0 = Debug|x64
		{5BE48C3C-5ACA-4C52-B9B4-02FFBA8C6046}.Debug|x86.ActiveCfg = Debug|Win32
		{5BE48C3C-5ACA-4C52-B9B4-02FFBA8C6046}.Debug|x86.Build.0 = Debug|Win32
		{5BE48C3C-5ACA-4C52-B9B4-02FFBA8C6046}.Release|x64.ActiveCfg = Release|x64
		{5BE48C3C-5ACA-4C52-B9B4-02FFBA8C6046}.Release|x64.Build.0 = Release|x64
		{5BE48C3C-5ACA-4C52-B9B4-02FFBA8C6046}.Release|x86.ActiveCfg = Release|Win32
		{5BE48C3C-5ACA-4C52-B9B4-02FFBA8C6046}.Release|x86.Build.0 = Release|Win32
		{304AA08C-3ADB-4025-BC86-914DC9C592DF}.Debug|x64.ActiveCfg = Debug|x64
		{304AA08C-3ADB-4025-BC86-914DC9C592DF}.Debug|x64.Build.0 = Debug|x64
		{304AA08C-3ADB-4025-BC86-914DC9C592DF}.Debug|x86.ActiveCfg = Debug|Win32
		{304AA08C-3ADB-4025-BC86-914DC9C592DF}.Debug|x86.Build.0 = Debug|Win32
		{304AA08C-3ADB-4025-BC86-914DC9C592DF}.Release|x64.ActiveCfg = Release|x64
		{304AA08C-3ADB-4025-BC86-914DC9C592DF}.Release|x64.Build.0 = Release|x64
		{304AA08C-3ADB-4025-BC86-914DC9C592DF}.Release|x86.ActiveCfg = Release|Win32
		{304AA08C-3ADB-4025-BC86-914DC9C592DF}.Release|x86.Build.0 = Release|Win32
	EndGlobalSection
	GlobalSection(SolutionProperties) = preSolution
		HideSolutionNode = FALSE
	EndGlobalSection
EndGlobal
